// !$*UTF8*$!
{
	archiveVersion = 1;
	classes = {
	};
	objectVersion = 56;
	objects = {

/* Begin PBXBuildFile section */
		29034CCF2C87FF1500800279 /* NetworkConstants.swift in Sources */ = {isa = PBXBuildFile; fileRef = 29034CCE2C87FF1500800279 /* NetworkConstants.swift */; };
		29034CD12C88012700800279 /* Router.swift in Sources */ = {isa = PBXBuildFile; fileRef = 29034CD02C88012700800279 /* Router.swift */; };
		29034CD42C880A6500800279 /* SongsRouter.swift in Sources */ = {isa = PBXBuildFile; fileRef = 29034CD32C880A6500800279 /* SongsRouter.swift */; };
		29034CD62C8819BB00800279 /* HttpRequest.swift in Sources */ = {isa = PBXBuildFile; fileRef = 29034CD52C8819BB00800279 /* HttpRequest.swift */; };
		291C5B042C75D26400E27D3A /* UserDetailViewController.xib in Resources */ = {isa = PBXBuildFile; fileRef = 291C5B032C75D26400E27D3A /* UserDetailViewController.xib */; };
		291C5B052C75D26400E27D3A /* UserDetailViewController.swift in Sources */ = {isa = PBXBuildFile; fileRef = 291C5B022C75D26400E27D3A /* UserDetailViewController.swift */; };
		293296922C6CB96100F6C8D2 /* Week3UITableViewController.swift in Sources */ = {isa = PBXBuildFile; fileRef = 293296902C6CB96100F6C8D2 /* Week3UITableViewController.swift */; };
		293296932C6CB96100F6C8D2 /* Week3UITableViewController.xib in Resources */ = {isa = PBXBuildFile; fileRef = 293296912C6CB96100F6C8D2 /* Week3UITableViewController.xib */; };
		293296972C6CB9FD00F6C8D2 /* Week3UICollectionViewController.swift in Sources */ = {isa = PBXBuildFile; fileRef = 293296952C6CB9FD00F6C8D2 /* Week3UICollectionViewController.swift */; };
		293296982C6CB9FD00F6C8D2 /* Week3UICollectionViewController.xib in Resources */ = {isa = PBXBuildFile; fileRef = 293296962C6CB9FD00F6C8D2 /* Week3UICollectionViewController.xib */; };
		2932969C2C6CBA6F00F6C8D2 /* Week3UIStackViewController.swift in Sources */ = {isa = PBXBuildFile; fileRef = 2932969A2C6CBA6F00F6C8D2 /* Week3UIStackViewController.swift */; };
		2932969D2C6CBA6F00F6C8D2 /* Week3UIStackViewController.xib in Resources */ = {isa = PBXBuildFile; fileRef = 2932969B2C6CBA6F00F6C8D2 /* Week3UIStackViewController.xib */; };
		293296A12C6CBB2700F6C8D2 /* Week3UIScrollViewController.swift in Sources */ = {isa = PBXBuildFile; fileRef = 2932969F2C6CBB2700F6C8D2 /* Week3UIScrollViewController.swift */; };
		293296A22C6CBB2700F6C8D2 /* Week3UIScrollViewController.xib in Resources */ = {isa = PBXBuildFile; fileRef = 293296A02C6CBB2700F6C8D2 /* Week3UIScrollViewController.xib */; };
		294416E52C73040800E45736 /* BaseViewController.swift in Sources */ = {isa = PBXBuildFile; fileRef = 294416E32C73040800E45736 /* BaseViewController.swift */; };
		294416E62C73040800E45736 /* BaseViewController.xib in Resources */ = {isa = PBXBuildFile; fileRef = 294416E42C73040800E45736 /* BaseViewController.xib */; };
		294416E92C7306C000E45736 /* SongTableViewCell.swift in Sources */ = {isa = PBXBuildFile; fileRef = 294416E72C7306C000E45736 /* SongTableViewCell.swift */; };
		294416EA2C7306C000E45736 /* SongTableViewCell.xib in Resources */ = {isa = PBXBuildFile; fileRef = 294416E82C7306C000E45736 /* SongTableViewCell.xib */; };
		2964F4872C7C7952001362FE /* RegisterUserViewController.swift in Sources */ = {isa = PBXBuildFile; fileRef = 2964F4862C7C7952001362FE /* RegisterUserViewController.swift */; };
		2964F48A2C7C816A001362FE /* LoginFlow.storyboard in Resources */ = {isa = PBXBuildFile; fileRef = 2964F4882C7C816A001362FE /* LoginFlow.storyboard */; };
		29787A252C8E9C4E0045BB8A /* Todo.swift in Sources */ = {isa = PBXBuildFile; fileRef = 29787A242C8E9C4D0045BB8A /* Todo.swift */; };
		29787A272C8EADB10045BB8A /* FileManagerExtension.swift in Sources */ = {isa = PBXBuildFile; fileRef = 29787A262C8EADB10045BB8A /* FileManagerExtension.swift */; };
		298532142C6F30DE0049FE97 /* Artist.swift in Sources */ = {isa = PBXBuildFile; fileRef = 298532132C6F30DE0049FE97 /* Artist.swift */; };
		298532182C6F31AA0049FE97 /* CustomCollectionViewCell.swift in Sources */ = {isa = PBXBuildFile; fileRef = 298532162C6F31AA0049FE97 /* CustomCollectionViewCell.swift */; };
		298532192C6F31AA0049FE97 /* CustomCollectionViewCell.xib in Resources */ = {isa = PBXBuildFile; fileRef = 298532172C6F31AA0049FE97 /* CustomCollectionViewCell.xib */; };
		2985321D2C6F45170049FE97 /* ArtistDetailViewController.swift in Sources */ = {isa = PBXBuildFile; fileRef = 2985321B2C6F45170049FE97 /* ArtistDetailViewController.swift */; };
		2985321E2C6F45170049FE97 /* ArtistDetailViewController.xib in Resources */ = {isa = PBXBuildFile; fileRef = 2985321C2C6F45170049FE97 /* ArtistDetailViewController.xib */; };
		298532202C6F499D0049FE97 /* Songs.swift in Sources */ = {isa = PBXBuildFile; fileRef = 2985321F2C6F499D0049FE97 /* Songs.swift */; };
		298532242C6F4F7C0049FE97 /* TrendingMusicCollectionViewCell.swift in Sources */ = {isa = PBXBuildFile; fileRef = 298532222C6F4F7C0049FE97 /* TrendingMusicCollectionViewCell.swift */; };
		298532252C6F4F7C0049FE97 /* TrendingMusicCollectionViewCell.xib in Resources */ = {isa = PBXBuildFile; fileRef = 298532232C6F4F7C0049FE97 /* TrendingMusicCollectionViewCell.xib */; };
		29A607362C7C2DC800E52BBB /* LoginViewController.swift in Sources */ = {isa = PBXBuildFile; fileRef = 29A607352C7C2DC800E52BBB /* LoginViewController.swift */; };
		29ADD0472C7EC1A6004D714F /* SongFeedTableViewCell.swift in Sources */ = {isa = PBXBuildFile; fileRef = 29ADD0452C7EC1A6004D714F /* SongFeedTableViewCell.swift */; };
		29ADD0482C7EC1A6004D714F /* SongFeedTableViewCell.xib in Resources */ = {isa = PBXBuildFile; fileRef = 29ADD0462C7EC1A6004D714F /* SongFeedTableViewCell.xib */; };
		29ADD04B2C7EC209004D714F /* SongFeedViewController.swift in Sources */ = {isa = PBXBuildFile; fileRef = 29ADD0492C7EC209004D714F /* SongFeedViewController.swift */; };
		29ADD04C2C7EC209004D714F /* SongFeedViewController.xib in Resources */ = {isa = PBXBuildFile; fileRef = 29ADD04A2C7EC209004D714F /* SongFeedViewController.xib */; };
		29ADD0502C7EC892004D714F /* SongFeedTopicCollectionViewCell.swift in Sources */ = {isa = PBXBuildFile; fileRef = 29ADD04E2C7EC892004D714F /* SongFeedTopicCollectionViewCell.swift */; };
		29ADD0512C7EC892004D714F /* SongFeedTopicCollectionViewCell.xib in Resources */ = {isa = PBXBuildFile; fileRef = 29ADD04F2C7EC892004D714F /* SongFeedTopicCollectionViewCell.xib */; };
		29ADD0532C7EE7F7004D714F /* Feed.swift in Sources */ = {isa = PBXBuildFile; fileRef = 29ADD0522C7EE7F7004D714F /* Feed.swift */; };
		29E836912C817ADE003EB7A1 /* Topics.swift in Sources */ = {isa = PBXBuildFile; fileRef = 29E836902C817ADE003EB7A1 /* Topics.swift */; };
		29E836932C81AABA003EB7A1 /* SongsService.swift in Sources */ = {isa = PBXBuildFile; fileRef = 29E836922C81AABA003EB7A1 /* SongsService.swift */; };
		29EE60672C8AFCF8005C566E /* SearchHistoryTableViewCell.swift in Sources */ = {isa = PBXBuildFile; fileRef = 29EE60652C8AFCF8005C566E /* SearchHistoryTableViewCell.swift */; };
		29EE60682C8AFCF8005C566E /* SearchHistoryTableViewCell.xib in Resources */ = {isa = PBXBuildFile; fileRef = 29EE60662C8AFCF8005C566E /* SearchHistoryTableViewCell.xib */; };
		29F818292C7D76560024415F /* LandingViewController.swift in Sources */ = {isa = PBXBuildFile; fileRef = 29F818282C7D76560024415F /* LandingViewController.swift */; };
		29F8182D2C7D80480024415F /* SongDetailViewController.xib in Resources */ = {isa = PBXBuildFile; fileRef = 29F8182C2C7D80480024415F /* SongDetailViewController.xib */; };
		29F8182E2C7D80480024415F /* SongDetailViewController.swift in Sources */ = {isa = PBXBuildFile; fileRef = 29F8182B2C7D80480024415F /* SongDetailViewController.swift */; };
		29F818362C7DD36F0024415F /* SongsRespone.swift in Sources */ = {isa = PBXBuildFile; fileRef = 29F818352C7DD36E0024415F /* SongsRespone.swift */; };
		29F818382C7DD5260024415F /* SongsObject.swift in Sources */ = {isa = PBXBuildFile; fileRef = 29F818372C7DD5260024415F /* SongsObject.swift */; };
		29FDE9712C6CA57500D948C6 /* AppDelegate.swift in Sources */ = {isa = PBXBuildFile; fileRef = 29FDE9702C6CA57500D948C6 /* AppDelegate.swift */; };
		29FDE9732C6CA57500D948C6 /* SceneDelegate.swift in Sources */ = {isa = PBXBuildFile; fileRef = 29FDE9722C6CA57500D948C6 /* SceneDelegate.swift */; };
		29FDE9752C6CA57500D948C6 /* ViewController.swift in Sources */ = {isa = PBXBuildFile; fileRef = 29FDE9742C6CA57500D948C6 /* ViewController.swift */; };
		29FDE9782C6CA57500D948C6 /* Base in Resources */ = {isa = PBXBuildFile; fileRef = 29FDE9772C6CA57500D948C6 /* Base */; };
		29FDE97A2C6CA57700D948C6 /* Assets.xcassets in Resources */ = {isa = PBXBuildFile; fileRef = 29FDE9792C6CA57700D948C6 /* Assets.xcassets */; };
		29FDE97D2C6CA57700D948C6 /* Base in Resources */ = {isa = PBXBuildFile; fileRef = 29FDE97C2C6CA57700D948C6 /* Base */; };
		66335AA22C8D9AB5000418F2 /* FileStorageViewController.swift in Sources */ = {isa = PBXBuildFile; fileRef = 66335AA02C8D9AB5000418F2 /* FileStorageViewController.swift */; };
		66335AA32C8D9AB5000418F2 /* FileStorageViewController.xib in Resources */ = {isa = PBXBuildFile; fileRef = 66335AA12C8D9AB5000418F2 /* FileStorageViewController.xib */; };
		66348DE62C8DE22500509A47 /* UIImageViewExtension.swift in Sources */ = {isa = PBXBuildFile; fileRef = 66348DE52C8DE22500509A47 /* UIImageViewExtension.swift */; };
		66348DEA2C8DE2E100509A47 /* TodoTableViewCell.xib in Resources */ = {isa = PBXBuildFile; fileRef = 66348DE92C8DE2E100509A47 /* TodoTableViewCell.xib */; };
		66348DEB2C8DE2E100509A47 /* TodoTableViewCell.swift in Sources */ = {isa = PBXBuildFile; fileRef = 66348DE82C8DE2E100509A47 /* TodoTableViewCell.swift */; };
		66FCC2F92C8F3F0B004D7052 /* StringExtension.swift in Sources */ = {isa = PBXBuildFile; fileRef = 66FCC2F82C8F3F0B004D7052 /* StringExtension.swift */; };
/* End PBXBuildFile section */

/* Begin PBXFileReference section */
		29034CCE2C87FF1500800279 /* NetworkConstants.swift */ = {isa = PBXFileReference; fileEncoding = 4; lastKnownFileType = sourcecode.swift; path = NetworkConstants.swift; sourceTree = "<group>"; };
		29034CD02C88012700800279 /* Router.swift */ = {isa = PBXFileReference; lastKnownFileType = sourcecode.swift; path = Router.swift; sourceTree = "<group>"; };
		29034CD32C880A6500800279 /* SongsRouter.swift */ = {isa = PBXFileReference; lastKnownFileType = sourcecode.swift; path = SongsRouter.swift; sourceTree = "<group>"; };
		29034CD52C8819BB00800279 /* HttpRequest.swift */ = {isa = PBXFileReference; lastKnownFileType = sourcecode.swift; path = HttpRequest.swift; sourceTree = "<group>"; };
		291C5B022C75D26400E27D3A /* UserDetailViewController.swift */ = {isa = PBXFileReference; lastKnownFileType = sourcecode.swift; path = UserDetailViewController.swift; sourceTree = "<group>"; };
		291C5B032C75D26400E27D3A /* UserDetailViewController.xib */ = {isa = PBXFileReference; lastKnownFileType = file.xib; path = UserDetailViewController.xib; sourceTree = "<group>"; };
		293296902C6CB96100F6C8D2 /* Week3UITableViewController.swift */ = {isa = PBXFileReference; lastKnownFileType = sourcecode.swift; path = Week3UITableViewController.swift; sourceTree = "<group>"; };
		293296912C6CB96100F6C8D2 /* Week3UITableViewController.xib */ = {isa = PBXFileReference; lastKnownFileType = file.xib; path = Week3UITableViewController.xib; sourceTree = "<group>"; };
		293296952C6CB9FD00F6C8D2 /* Week3UICollectionViewController.swift */ = {isa = PBXFileReference; lastKnownFileType = sourcecode.swift; path = Week3UICollectionViewController.swift; sourceTree = "<group>"; };
		293296962C6CB9FD00F6C8D2 /* Week3UICollectionViewController.xib */ = {isa = PBXFileReference; lastKnownFileType = file.xib; path = Week3UICollectionViewController.xib; sourceTree = "<group>"; };
		2932969A2C6CBA6F00F6C8D2 /* Week3UIStackViewController.swift */ = {isa = PBXFileReference; lastKnownFileType = sourcecode.swift; path = Week3UIStackViewController.swift; sourceTree = "<group>"; };
		2932969B2C6CBA6F00F6C8D2 /* Week3UIStackViewController.xib */ = {isa = PBXFileReference; lastKnownFileType = file.xib; path = Week3UIStackViewController.xib; sourceTree = "<group>"; };
		2932969F2C6CBB2700F6C8D2 /* Week3UIScrollViewController.swift */ = {isa = PBXFileReference; lastKnownFileType = sourcecode.swift; path = Week3UIScrollViewController.swift; sourceTree = "<group>"; };
		293296A02C6CBB2700F6C8D2 /* Week3UIScrollViewController.xib */ = {isa = PBXFileReference; lastKnownFileType = file.xib; path = Week3UIScrollViewController.xib; sourceTree = "<group>"; };
		294416E32C73040800E45736 /* BaseViewController.swift */ = {isa = PBXFileReference; lastKnownFileType = sourcecode.swift; path = BaseViewController.swift; sourceTree = "<group>"; };
		294416E42C73040800E45736 /* BaseViewController.xib */ = {isa = PBXFileReference; lastKnownFileType = file.xib; path = BaseViewController.xib; sourceTree = "<group>"; };
		294416E72C7306C000E45736 /* SongTableViewCell.swift */ = {isa = PBXFileReference; lastKnownFileType = sourcecode.swift; path = SongTableViewCell.swift; sourceTree = "<group>"; };
		294416E82C7306C000E45736 /* SongTableViewCell.xib */ = {isa = PBXFileReference; lastKnownFileType = file.xib; path = SongTableViewCell.xib; sourceTree = "<group>"; };
		2964F4862C7C7952001362FE /* RegisterUserViewController.swift */ = {isa = PBXFileReference; lastKnownFileType = sourcecode.swift; path = RegisterUserViewController.swift; sourceTree = "<group>"; };
		2964F4892C7C816A001362FE /* Base */ = {isa = PBXFileReference; lastKnownFileType = file.storyboard; name = Base; path = "Intern IOS Weak 3/Base.lproj/LoginFlow.storyboard"; sourceTree = "<group>"; };
		29787A242C8E9C4D0045BB8A /* Todo.swift */ = {isa = PBXFileReference; lastKnownFileType = sourcecode.swift; path = Todo.swift; sourceTree = "<group>"; };
		29787A262C8EADB10045BB8A /* FileManagerExtension.swift */ = {isa = PBXFileReference; lastKnownFileType = sourcecode.swift; path = FileManagerExtension.swift; sourceTree = "<group>"; };
		298532132C6F30DE0049FE97 /* Artist.swift */ = {isa = PBXFileReference; lastKnownFileType = sourcecode.swift; path = Artist.swift; sourceTree = "<group>"; };
		298532162C6F31AA0049FE97 /* CustomCollectionViewCell.swift */ = {isa = PBXFileReference; lastKnownFileType = sourcecode.swift; path = CustomCollectionViewCell.swift; sourceTree = "<group>"; };
		298532172C6F31AA0049FE97 /* CustomCollectionViewCell.xib */ = {isa = PBXFileReference; lastKnownFileType = file.xib; path = CustomCollectionViewCell.xib; sourceTree = "<group>"; };
		2985321B2C6F45170049FE97 /* ArtistDetailViewController.swift */ = {isa = PBXFileReference; lastKnownFileType = sourcecode.swift; path = ArtistDetailViewController.swift; sourceTree = "<group>"; };
		2985321C2C6F45170049FE97 /* ArtistDetailViewController.xib */ = {isa = PBXFileReference; lastKnownFileType = file.xib; path = ArtistDetailViewController.xib; sourceTree = "<group>"; };
		2985321F2C6F499D0049FE97 /* Songs.swift */ = {isa = PBXFileReference; lastKnownFileType = sourcecode.swift; path = Songs.swift; sourceTree = "<group>"; };
		298532222C6F4F7C0049FE97 /* TrendingMusicCollectionViewCell.swift */ = {isa = PBXFileReference; lastKnownFileType = sourcecode.swift; path = TrendingMusicCollectionViewCell.swift; sourceTree = "<group>"; };
		298532232C6F4F7C0049FE97 /* TrendingMusicCollectionViewCell.xib */ = {isa = PBXFileReference; lastKnownFileType = file.xib; path = TrendingMusicCollectionViewCell.xib; sourceTree = "<group>"; };
		29A607352C7C2DC800E52BBB /* LoginViewController.swift */ = {isa = PBXFileReference; lastKnownFileType = sourcecode.swift; path = LoginViewController.swift; sourceTree = "<group>"; };
		29ADD0452C7EC1A6004D714F /* SongFeedTableViewCell.swift */ = {isa = PBXFileReference; lastKnownFileType = sourcecode.swift; path = SongFeedTableViewCell.swift; sourceTree = "<group>"; };
		29ADD0462C7EC1A6004D714F /* SongFeedTableViewCell.xib */ = {isa = PBXFileReference; lastKnownFileType = file.xib; path = SongFeedTableViewCell.xib; sourceTree = "<group>"; };
		29ADD0492C7EC209004D714F /* SongFeedViewController.swift */ = {isa = PBXFileReference; lastKnownFileType = sourcecode.swift; path = SongFeedViewController.swift; sourceTree = "<group>"; };
		29ADD04A2C7EC209004D714F /* SongFeedViewController.xib */ = {isa = PBXFileReference; lastKnownFileType = file.xib; path = SongFeedViewController.xib; sourceTree = "<group>"; };
		29ADD04E2C7EC892004D714F /* SongFeedTopicCollectionViewCell.swift */ = {isa = PBXFileReference; lastKnownFileType = sourcecode.swift; path = SongFeedTopicCollectionViewCell.swift; sourceTree = "<group>"; };
		29ADD04F2C7EC892004D714F /* SongFeedTopicCollectionViewCell.xib */ = {isa = PBXFileReference; lastKnownFileType = file.xib; path = SongFeedTopicCollectionViewCell.xib; sourceTree = "<group>"; };
		29ADD0522C7EE7F7004D714F /* Feed.swift */ = {isa = PBXFileReference; lastKnownFileType = sourcecode.swift; path = Feed.swift; sourceTree = "<group>"; };
		29E836902C817ADE003EB7A1 /* Topics.swift */ = {isa = PBXFileReference; lastKnownFileType = sourcecode.swift; path = Topics.swift; sourceTree = "<group>"; };
		29E836922C81AABA003EB7A1 /* SongsService.swift */ = {isa = PBXFileReference; lastKnownFileType = sourcecode.swift; path = SongsService.swift; sourceTree = "<group>"; };
		29EE60652C8AFCF8005C566E /* SearchHistoryTableViewCell.swift */ = {isa = PBXFileReference; lastKnownFileType = sourcecode.swift; path = SearchHistoryTableViewCell.swift; sourceTree = "<group>"; };
		29EE60662C8AFCF8005C566E /* SearchHistoryTableViewCell.xib */ = {isa = PBXFileReference; lastKnownFileType = file.xib; path = SearchHistoryTableViewCell.xib; sourceTree = "<group>"; };
		29F818282C7D76560024415F /* LandingViewController.swift */ = {isa = PBXFileReference; lastKnownFileType = sourcecode.swift; path = LandingViewController.swift; sourceTree = "<group>"; };
		29F8182B2C7D80480024415F /* SongDetailViewController.swift */ = {isa = PBXFileReference; lastKnownFileType = sourcecode.swift; path = SongDetailViewController.swift; sourceTree = "<group>"; };
		29F8182C2C7D80480024415F /* SongDetailViewController.xib */ = {isa = PBXFileReference; lastKnownFileType = file.xib; path = SongDetailViewController.xib; sourceTree = "<group>"; };
		29F818352C7DD36E0024415F /* SongsRespone.swift */ = {isa = PBXFileReference; lastKnownFileType = sourcecode.swift; path = SongsRespone.swift; sourceTree = "<group>"; };
		29F818372C7DD5260024415F /* SongsObject.swift */ = {isa = PBXFileReference; lastKnownFileType = sourcecode.swift; path = SongsObject.swift; sourceTree = "<group>"; };
		29FDE96D2C6CA57500D948C6 /* Dang Vu Gia Huy.app */ = {isa = PBXFileReference; explicitFileType = wrapper.application; includeInIndex = 0; path = "Dang Vu Gia Huy.app"; sourceTree = BUILT_PRODUCTS_DIR; };
		29FDE9702C6CA57500D948C6 /* AppDelegate.swift */ = {isa = PBXFileReference; lastKnownFileType = sourcecode.swift; path = AppDelegate.swift; sourceTree = "<group>"; };
		29FDE9722C6CA57500D948C6 /* SceneDelegate.swift */ = {isa = PBXFileReference; lastKnownFileType = sourcecode.swift; path = SceneDelegate.swift; sourceTree = "<group>"; };
		29FDE9742C6CA57500D948C6 /* ViewController.swift */ = {isa = PBXFileReference; lastKnownFileType = sourcecode.swift; path = ViewController.swift; sourceTree = "<group>"; };
		29FDE9772C6CA57500D948C6 /* Base */ = {isa = PBXFileReference; lastKnownFileType = file.storyboard; name = Base; path = Base.lproj/Main.storyboard; sourceTree = "<group>"; };
		29FDE9792C6CA57700D948C6 /* Assets.xcassets */ = {isa = PBXFileReference; lastKnownFileType = folder.assetcatalog; path = Assets.xcassets; sourceTree = "<group>"; };
		29FDE97C2C6CA57700D948C6 /* Base */ = {isa = PBXFileReference; lastKnownFileType = file.storyboard; name = Base; path = Base.lproj/LaunchScreen.storyboard; sourceTree = "<group>"; };
		29FDE97E2C6CA57700D948C6 /* Info.plist */ = {isa = PBXFileReference; lastKnownFileType = text.plist.xml; path = Info.plist; sourceTree = "<group>"; };
		66335AA02C8D9AB5000418F2 /* FileStorageViewController.swift */ = {isa = PBXFileReference; lastKnownFileType = sourcecode.swift; path = FileStorageViewController.swift; sourceTree = "<group>"; };
		66335AA12C8D9AB5000418F2 /* FileStorageViewController.xib */ = {isa = PBXFileReference; lastKnownFileType = file.xib; path = FileStorageViewController.xib; sourceTree = "<group>"; };
		66348DE52C8DE22500509A47 /* UIImageViewExtension.swift */ = {isa = PBXFileReference; lastKnownFileType = sourcecode.swift; path = UIImageViewExtension.swift; sourceTree = "<group>"; };
		66348DE82C8DE2E100509A47 /* TodoTableViewCell.swift */ = {isa = PBXFileReference; lastKnownFileType = sourcecode.swift; path = TodoTableViewCell.swift; sourceTree = "<group>"; };
		66348DE92C8DE2E100509A47 /* TodoTableViewCell.xib */ = {isa = PBXFileReference; lastKnownFileType = file.xib; path = TodoTableViewCell.xib; sourceTree = "<group>"; };
		66FCC2F82C8F3F0B004D7052 /* StringExtension.swift */ = {isa = PBXFileReference; lastKnownFileType = sourcecode.swift; path = StringExtension.swift; sourceTree = "<group>"; };
/* End PBXFileReference section */

/* Begin PBXFrameworksBuildPhase section */
		29FDE96A2C6CA57500D948C6 /* Frameworks */ = {
			isa = PBXFrameworksBuildPhase;
			buildActionMask = 2147483647;
			files = (
			);
			runOnlyForDeploymentPostprocessing = 0;
		};
/* End PBXFrameworksBuildPhase section */

/* Begin PBXGroup section */
		29034CCD2C87FEF400800279 /* Network */ = {
			isa = PBXGroup;
			children = (
				29034CCE2C87FF1500800279 /* NetworkConstants.swift */,
				29034CD02C88012700800279 /* Router.swift */,
				29034CD52C8819BB00800279 /* HttpRequest.swift */,
				29034CD22C880A4700800279 /* Routers */,
			);
			path = Network;
			sourceTree = "<group>";
		};
		29034CD22C880A4700800279 /* Routers */ = {
			isa = PBXGroup;
			children = (
				29034CD32C880A6500800279 /* SongsRouter.swift */,
			);
			path = Routers;
			sourceTree = "<group>";
		};
		29037C882C6DD65700ACC79C /* Ultilities */ = {
			isa = PBXGroup;
			children = (
				29FDE9792C6CA57700D948C6 /* Assets.xcassets */,
			);
			path = Ultilities;
			sourceTree = "<group>";
		};
		29037C8B2C6DE0F000ACC79C /* Models */ = {
			isa = PBXGroup;
			children = (
				298532132C6F30DE0049FE97 /* Artist.swift */,
				2985321F2C6F499D0049FE97 /* Songs.swift */,
				29F818352C7DD36E0024415F /* SongsRespone.swift */,
				29F818372C7DD5260024415F /* SongsObject.swift */,
				29ADD0522C7EE7F7004D714F /* Feed.swift */,
				29E836902C817ADE003EB7A1 /* Topics.swift */,
				29787A242C8E9C4D0045BB8A /* Todo.swift */,
			);
			path = Models;
			sourceTree = "<group>";
		};
		291C5B012C75D22E00E27D3A /* UserDetail */ = {
			isa = PBXGroup;
			children = (
				291C5B022C75D26400E27D3A /* UserDetailViewController.swift */,
				291C5B032C75D26400E27D3A /* UserDetailViewController.xib */,
			);
			path = UserDetail;
			sourceTree = "<group>";
		};
		2932968B2C6CB81D00F6C8D2 /* UITableViewGroup */ = {
			isa = PBXGroup;
			children = (
				293296902C6CB96100F6C8D2 /* Week3UITableViewController.swift */,
				293296912C6CB96100F6C8D2 /* Week3UITableViewController.xib */,
				294416E22C7302AC00E45736 /* CustomSongCell */,
				29F8182A2C7D80160024415F /* SongDetail */,
			);
			path = UITableViewGroup;
			sourceTree = "<group>";
		};
		293296942C6CB9C600F6C8D2 /* UICollectionViewGroup */ = {
			isa = PBXGroup;
			children = (
				293296952C6CB9FD00F6C8D2 /* Week3UICollectionViewController.swift */,
				293296962C6CB9FD00F6C8D2 /* Week3UICollectionViewController.xib */,
				298532212C6F4F160049FE97 /* CustomMusicCollectionCell */,
				298532152C6F31440049FE97 /* CustomCollectionCell */,
				2985321A2C6F44CE0049FE97 /* ArtistDetail */,
			);
			path = UICollectionViewGroup;
			sourceTree = "<group>";
		};
		293296992C6CBA2300F6C8D2 /* UIStackViewGroup */ = {
			isa = PBXGroup;
			children = (
				2932969A2C6CBA6F00F6C8D2 /* Week3UIStackViewController.swift */,
				2932969B2C6CBA6F00F6C8D2 /* Week3UIStackViewController.xib */,
			);
			path = UIStackViewGroup;
			sourceTree = "<group>";
		};
		2932969E2C6CBAE900F6C8D2 /* UIScrollViewGroup */ = {
			isa = PBXGroup;
			children = (
				2932969F2C6CBB2700F6C8D2 /* Week3UIScrollViewController.swift */,
				293296A02C6CBB2700F6C8D2 /* Week3UIScrollViewController.xib */,
				291C5B012C75D22E00E27D3A /* UserDetail */,
			);
			path = UIScrollViewGroup;
			sourceTree = "<group>";
		};
		294416E22C7302AC00E45736 /* CustomSongCell */ = {
			isa = PBXGroup;
			children = (
				294416E72C7306C000E45736 /* SongTableViewCell.swift */,
				294416E82C7306C000E45736 /* SongTableViewCell.xib */,
			);
			path = CustomSongCell;
			sourceTree = "<group>";
		};
		294416EB2C73085300E45736 /* BaseView */ = {
			isa = PBXGroup;
			children = (
				294416E32C73040800E45736 /* BaseViewController.swift */,
				294416E42C73040800E45736 /* BaseViewController.xib */,
			);
			path = BaseView;
			sourceTree = "<group>";
		};
		298532152C6F31440049FE97 /* CustomCollectionCell */ = {
			isa = PBXGroup;
			children = (
				298532162C6F31AA0049FE97 /* CustomCollectionViewCell.swift */,
				298532172C6F31AA0049FE97 /* CustomCollectionViewCell.xib */,
			);
			path = CustomCollectionCell;
			sourceTree = "<group>";
		};
		2985321A2C6F44CE0049FE97 /* ArtistDetail */ = {
			isa = PBXGroup;
			children = (
				2985321B2C6F45170049FE97 /* ArtistDetailViewController.swift */,
				2985321C2C6F45170049FE97 /* ArtistDetailViewController.xib */,
			);
			path = ArtistDetail;
			sourceTree = "<group>";
		};
		298532212C6F4F160049FE97 /* CustomMusicCollectionCell */ = {
			isa = PBXGroup;
			children = (
				298532222C6F4F7C0049FE97 /* TrendingMusicCollectionViewCell.swift */,
				298532232C6F4F7C0049FE97 /* TrendingMusicCollectionViewCell.xib */,
			);
			path = CustomMusicCollectionCell;
			sourceTree = "<group>";
		};
		29A607372C7C2E8000E52BBB /* DemoSegueStoryboard */ = {
			isa = PBXGroup;
			children = (
				2964F4882C7C816A001362FE /* LoginFlow.storyboard */,
				29A607352C7C2DC800E52BBB /* LoginViewController.swift */,
				2964F4862C7C7952001362FE /* RegisterUserViewController.swift */,
				29F818282C7D76560024415F /* LandingViewController.swift */,
			);
			path = DemoSegueStoryboard;
			sourceTree = "<group>";
		};
		29ADD0422C7EBE1E004D714F /* DemoNetworking */ = {
			isa = PBXGroup;
			children = (
				29ADD0432C7EC0EA004D714F /* SongFeed */,
				29ADD0442C7EC10C004D714F /* SongFeedCell */,
				29ADD04D2C7EC726004D714F /* SongFeedTopicCell */,
				29E838B52C899AE000BE6D76 /* SearchHistoryTableViewCell */,
			);
			path = DemoNetworking;
			sourceTree = "<group>";
		};
		29ADD0432C7EC0EA004D714F /* SongFeed */ = {
			isa = PBXGroup;
			children = (
				29ADD0492C7EC209004D714F /* SongFeedViewController.swift */,
				29ADD04A2C7EC209004D714F /* SongFeedViewController.xib */,
			);
			path = SongFeed;
			sourceTree = "<group>";
		};
		29ADD0442C7EC10C004D714F /* SongFeedCell */ = {
			isa = PBXGroup;
			children = (
				29ADD0452C7EC1A6004D714F /* SongFeedTableViewCell.swift */,
				29ADD0462C7EC1A6004D714F /* SongFeedTableViewCell.xib */,
			);
			path = SongFeedCell;
			sourceTree = "<group>";
		};
		29ADD04D2C7EC726004D714F /* SongFeedTopicCell */ = {
			isa = PBXGroup;
			children = (
				29ADD04E2C7EC892004D714F /* SongFeedTopicCollectionViewCell.swift */,
				29ADD04F2C7EC892004D714F /* SongFeedTopicCollectionViewCell.xib */,
			);
			path = SongFeedTopicCell;
			sourceTree = "<group>";
		};
		29E8368D2C816A3D003EB7A1 /* Services */ = {
			isa = PBXGroup;
			children = (
				29E836922C81AABA003EB7A1 /* SongsService.swift */,
			);
			path = Services;
			sourceTree = "<group>";
		};
		29E838B52C899AE000BE6D76 /* SearchHistoryTableViewCell */ = {
			isa = PBXGroup;
			children = (
				29EE60652C8AFCF8005C566E /* SearchHistoryTableViewCell.swift */,
				29EE60662C8AFCF8005C566E /* SearchHistoryTableViewCell.xib */,
			);
			path = SearchHistoryTableViewCell;
			sourceTree = "<group>";
		};
		29F8182A2C7D80160024415F /* SongDetail */ = {
			isa = PBXGroup;
			children = (
				29F8182B2C7D80480024415F /* SongDetailViewController.swift */,
				29F8182C2C7D80480024415F /* SongDetailViewController.xib */,
			);
			path = SongDetail;
			sourceTree = "<group>";
		};
		29FDE9642C6CA57500D948C6 = {
			isa = PBXGroup;
			children = (
				29FDE96F2C6CA57500D948C6 /* Intern IOS Weak 3 */,
				29FDE96E2C6CA57500D948C6 /* Products */,
			);
			sourceTree = "<group>";
		};
		29FDE96E2C6CA57500D948C6 /* Products */ = {
			isa = PBXGroup;
			children = (
				29FDE96D2C6CA57500D948C6 /* Dang Vu Gia Huy.app */,
			);
			name = Products;
			sourceTree = "<group>";
		};
		29FDE96F2C6CA57500D948C6 /* Intern IOS Weak 3 */ = {
			isa = PBXGroup;
			children = (
				29FDE9702C6CA57500D948C6 /* AppDelegate.swift */,
				29FDE9722C6CA57500D948C6 /* SceneDelegate.swift */,
				29FDE9742C6CA57500D948C6 /* ViewController.swift */,
				29FDE9762C6CA57500D948C6 /* Main.storyboard */,
				294416EB2C73085300E45736 /* BaseView */,
				2932968B2C6CB81D00F6C8D2 /* UITableViewGroup */,
				293296942C6CB9C600F6C8D2 /* UICollectionViewGroup */,
				293296992C6CBA2300F6C8D2 /* UIStackViewGroup */,
				2932969E2C6CBAE900F6C8D2 /* UIScrollViewGroup */,
				29A607372C7C2E8000E52BBB /* DemoSegueStoryboard */,
				29ADD0422C7EBE1E004D714F /* DemoNetworking */,
				66335A9F2C8D9A23000418F2 /* DemoFileStorage */,
				29037C8B2C6DE0F000ACC79C /* Models */,
				29037C882C6DD65700ACC79C /* Ultilities */,
				29E8368D2C816A3D003EB7A1 /* Services */,
				29034CCD2C87FEF400800279 /* Network */,
				66348DE42C8DE20700509A47 /* Extensions */,
				29FDE97B2C6CA57700D948C6 /* LaunchScreen.storyboard */,
				29FDE97E2C6CA57700D948C6 /* Info.plist */,
			);
			path = "Intern IOS Weak 3";
			sourceTree = "<group>";
		};
		66335A9F2C8D9A23000418F2 /* DemoFileStorage */ = {
			isa = PBXGroup;
			children = (
				66335AA02C8D9AB5000418F2 /* FileStorageViewController.swift */,
				66335AA12C8D9AB5000418F2 /* FileStorageViewController.xib */,
				66348DE72C8DE2A800509A47 /* TodoCustomCell */,
			);
			path = DemoFileStorage;
			sourceTree = "<group>";
		};
		66348DE42C8DE20700509A47 /* Extensions */ = {
			isa = PBXGroup;
			children = (
				66348DE52C8DE22500509A47 /* UIImageViewExtension.swift */,
				29787A262C8EADB10045BB8A /* FileManagerExtension.swift */,
				66FCC2F82C8F3F0B004D7052 /* StringExtension.swift */,
			);
			path = Extensions;
			sourceTree = "<group>";
		};
		66348DE72C8DE2A800509A47 /* TodoCustomCell */ = {
			isa = PBXGroup;
			children = (
				66348DE82C8DE2E100509A47 /* TodoTableViewCell.swift */,
				66348DE92C8DE2E100509A47 /* TodoTableViewCell.xib */,
			);
			path = TodoCustomCell;
			sourceTree = "<group>";
		};
/* End PBXGroup section */

/* Begin PBXNativeTarget section */
		29FDE96C2C6CA57500D948C6 /* Dang Vu Gia Huy */ = {
			isa = PBXNativeTarget;
			buildConfigurationList = 29FDE9812C6CA57700D948C6 /* Build configuration list for PBXNativeTarget "Dang Vu Gia Huy" */;
			buildPhases = (
				29FDE9692C6CA57500D948C6 /* Sources */,
				29FDE96A2C6CA57500D948C6 /* Frameworks */,
				29FDE96B2C6CA57500D948C6 /* Resources */,
			);
			buildRules = (
			);
			dependencies = (
			);
			name = "Dang Vu Gia Huy";
			productName = "Intern IOS Weak 3";
			productReference = 29FDE96D2C6CA57500D948C6 /* Dang Vu Gia Huy.app */;
			productType = "com.apple.product-type.application";
		};
/* End PBXNativeTarget section */

/* Begin PBXProject section */
		29FDE9652C6CA57500D948C6 /* Project object */ = {
			isa = PBXProject;
			attributes = {
				BuildIndependentTargetsInParallel = 1;
				LastSwiftUpdateCheck = 1540;
				LastUpgradeCheck = 1540;
				TargetAttributes = {
					29FDE96C2C6CA57500D948C6 = {
						CreatedOnToolsVersion = 15.4;
					};
				};
			};
			buildConfigurationList = 29FDE9682C6CA57500D948C6 /* Build configuration list for PBXProject "Dang Vu Gia Huy" */;
			compatibilityVersion = "Xcode 14.0";
			developmentRegion = en;
			hasScannedForEncodings = 0;
			knownRegions = (
				en,
				Base,
			);
			mainGroup = 29FDE9642C6CA57500D948C6;
			productRefGroup = 29FDE96E2C6CA57500D948C6 /* Products */;
			projectDirPath = "";
			projectRoot = "";
			targets = (
				29FDE96C2C6CA57500D948C6 /* Dang Vu Gia Huy */,
			);
		};
/* End PBXProject section */

/* Begin PBXResourcesBuildPhase section */
		29FDE96B2C6CA57500D948C6 /* Resources */ = {
			isa = PBXResourcesBuildPhase;
			buildActionMask = 2147483647;
			files = (
				29FDE97A2C6CA57700D948C6 /* Assets.xcassets in Resources */,
				29ADD0512C7EC892004D714F /* SongFeedTopicCollectionViewCell.xib in Resources */,
				2932969D2C6CBA6F00F6C8D2 /* Week3UIStackViewController.xib in Resources */,
				2964F48A2C7C816A001362FE /* LoginFlow.storyboard in Resources */,
				29FDE97D2C6CA57700D948C6 /* Base in Resources */,
				291C5B042C75D26400E27D3A /* UserDetailViewController.xib in Resources */,
				29EE60682C8AFCF8005C566E /* SearchHistoryTableViewCell.xib in Resources */,
				29F8182D2C7D80480024415F /* SongDetailViewController.xib in Resources */,
				66348DEA2C8DE2E100509A47 /* TodoTableViewCell.xib in Resources */,
				298532252C6F4F7C0049FE97 /* TrendingMusicCollectionViewCell.xib in Resources */,
				298532192C6F31AA0049FE97 /* CustomCollectionViewCell.xib in Resources */,
				66335AA32C8D9AB5000418F2 /* FileStorageViewController.xib in Resources */,
				29ADD0482C7EC1A6004D714F /* SongFeedTableViewCell.xib in Resources */,
				293296A22C6CBB2700F6C8D2 /* Week3UIScrollViewController.xib in Resources */,
				293296982C6CB9FD00F6C8D2 /* Week3UICollectionViewController.xib in Resources */,
				29FDE9782C6CA57500D948C6 /* Base in Resources */,
				293296932C6CB96100F6C8D2 /* Week3UITableViewController.xib in Resources */,
				294416E62C73040800E45736 /* BaseViewController.xib in Resources */,
				294416EA2C7306C000E45736 /* SongTableViewCell.xib in Resources */,
				2985321E2C6F45170049FE97 /* ArtistDetailViewController.xib in Resources */,
				29ADD04C2C7EC209004D714F /* SongFeedViewController.xib in Resources */,
			);
			runOnlyForDeploymentPostprocessing = 0;
		};
/* End PBXResourcesBuildPhase section */

/* Begin PBXSourcesBuildPhase section */
		29FDE9692C6CA57500D948C6 /* Sources */ = {
			isa = PBXSourcesBuildPhase;
			buildActionMask = 2147483647;
			files = (
				29ADD0472C7EC1A6004D714F /* SongFeedTableViewCell.swift in Sources */,
				298532202C6F499D0049FE97 /* Songs.swift in Sources */,
				293296972C6CB9FD00F6C8D2 /* Week3UICollectionViewController.swift in Sources */,
				29FDE9752C6CA57500D948C6 /* ViewController.swift in Sources */,
				29ADD04B2C7EC209004D714F /* SongFeedViewController.swift in Sources */,
				29034CD12C88012700800279 /* Router.swift in Sources */,
				66335AA22C8D9AB5000418F2 /* FileStorageViewController.swift in Sources */,
				29F818382C7DD5260024415F /* SongsObject.swift in Sources */,
				29E836932C81AABA003EB7A1 /* SongsService.swift in Sources */,
				29034CD62C8819BB00800279 /* HttpRequest.swift in Sources */,
				298532242C6F4F7C0049FE97 /* TrendingMusicCollectionViewCell.swift in Sources */,
				29F818362C7DD36F0024415F /* SongsRespone.swift in Sources */,
				298532182C6F31AA0049FE97 /* CustomCollectionViewCell.swift in Sources */,
				294416E92C7306C000E45736 /* SongTableViewCell.swift in Sources */,
				29034CCF2C87FF1500800279 /* NetworkConstants.swift in Sources */,
				66348DE62C8DE22500509A47 /* UIImageViewExtension.swift in Sources */,
				66FCC2F92C8F3F0B004D7052 /* StringExtension.swift in Sources */,
				29F8182E2C7D80480024415F /* SongDetailViewController.swift in Sources */,
				2985321D2C6F45170049FE97 /* ArtistDetailViewController.swift in Sources */,
				294416E52C73040800E45736 /* BaseViewController.swift in Sources */,
				29FDE9712C6CA57500D948C6 /* AppDelegate.swift in Sources */,
				29787A272C8EADB10045BB8A /* FileManagerExtension.swift in Sources */,
				293296922C6CB96100F6C8D2 /* Week3UITableViewController.swift in Sources */,
				29ADD0532C7EE7F7004D714F /* Feed.swift in Sources */,
				2964F4872C7C7952001362FE /* RegisterUserViewController.swift in Sources */,
				291C5B052C75D26400E27D3A /* UserDetailViewController.swift in Sources */,
				29EE60672C8AFCF8005C566E /* SearchHistoryTableViewCell.swift in Sources */,
				298532142C6F30DE0049FE97 /* Artist.swift in Sources */,
				29034CD42C880A6500800279 /* SongsRouter.swift in Sources */,
				29ADD0502C7EC892004D714F /* SongFeedTopicCollectionViewCell.swift in Sources */,
				66348DEB2C8DE2E100509A47 /* TodoTableViewCell.swift in Sources */,
				2932969C2C6CBA6F00F6C8D2 /* Week3UIStackViewController.swift in Sources */,
				29A607362C7C2DC800E52BBB /* LoginViewController.swift in Sources */,
				29787A252C8E9C4E0045BB8A /* Todo.swift in Sources */,
				293296A12C6CBB2700F6C8D2 /* Week3UIScrollViewController.swift in Sources */,
				29FDE9732C6CA57500D948C6 /* SceneDelegate.swift in Sources */,
				29E836912C817ADE003EB7A1 /* Topics.swift in Sources */,
				29F818292C7D76560024415F /* LandingViewController.swift in Sources */,
			);
			runOnlyForDeploymentPostprocessing = 0;
		};
/* End PBXSourcesBuildPhase section */

/* Begin PBXVariantGroup section */
		2964F4882C7C816A001362FE /* LoginFlow.storyboard */ = {
			isa = PBXVariantGroup;
			children = (
				2964F4892C7C816A001362FE /* Base */,
			);
			name = LoginFlow.storyboard;
			sourceTree = "<group>";
		};
		29FDE9762C6CA57500D948C6 /* Main.storyboard */ = {
			isa = PBXVariantGroup;
			children = (
				29FDE9772C6CA57500D948C6 /* Base */,
			);
			name = Main.storyboard;
			sourceTree = "<group>";
		};
		29FDE97B2C6CA57700D948C6 /* LaunchScreen.storyboard */ = {
			isa = PBXVariantGroup;
			children = (
				29FDE97C2C6CA57700D948C6 /* Base */,
			);
			name = LaunchScreen.storyboard;
			sourceTree = "<group>";
		};
/* End PBXVariantGroup section */

/* Begin XCBuildConfiguration section */
		29FDE97F2C6CA57700D948C6 /* Debug */ = {
			isa = XCBuildConfiguration;
			buildSettings = {
				ALWAYS_SEARCH_USER_PATHS = NO;
				ASSETCATALOG_COMPILER_GENERATE_SWIFT_ASSET_SYMBOL_EXTENSIONS = YES;
				CLANG_ANALYZER_NONNULL = YES;
				CLANG_ANALYZER_NUMBER_OBJECT_CONVERSION = YES_AGGRESSIVE;
				CLANG_CXX_LANGUAGE_STANDARD = "gnu++20";
				CLANG_ENABLE_MODULES = YES;
				CLANG_ENABLE_OBJC_ARC = YES;
				CLANG_ENABLE_OBJC_WEAK = YES;
				CLANG_WARN_BLOCK_CAPTURE_AUTORELEASING = YES;
				CLANG_WARN_BOOL_CONVERSION = YES;
				CLANG_WARN_COMMA = YES;
				CLANG_WARN_CONSTANT_CONVERSION = YES;
				CLANG_WARN_DEPRECATED_OBJC_IMPLEMENTATIONS = YES;
				CLANG_WARN_DIRECT_OBJC_ISA_USAGE = YES_ERROR;
				CLANG_WARN_DOCUMENTATION_COMMENTS = YES;
				CLANG_WARN_EMPTY_BODY = YES;
				CLANG_WARN_ENUM_CONVERSION = YES;
				CLANG_WARN_INFINITE_RECURSION = YES;
				CLANG_WARN_INT_CONVERSION = YES;
				CLANG_WARN_NON_LITERAL_NULL_CONVERSION = YES;
				CLANG_WARN_OBJC_IMPLICIT_RETAIN_SELF = YES;
				CLANG_WARN_OBJC_LITERAL_CONVERSION = YES;
				CLANG_WARN_OBJC_ROOT_CLASS = YES_ERROR;
				CLANG_WARN_QUOTED_INCLUDE_IN_FRAMEWORK_HEADER = YES;
				CLANG_WARN_RANGE_LOOP_ANALYSIS = YES;
				CLANG_WARN_STRICT_PROTOTYPES = YES;
				CLANG_WARN_SUSPICIOUS_MOVE = YES;
				CLANG_WARN_UNGUARDED_AVAILABILITY = YES_AGGRESSIVE;
				CLANG_WARN_UNREACHABLE_CODE = YES;
				CLANG_WARN__DUPLICATE_METHOD_MATCH = YES;
				COPY_PHASE_STRIP = NO;
				DEBUG_INFORMATION_FORMAT = dwarf;
				ENABLE_STRICT_OBJC_MSGSEND = YES;
				ENABLE_TESTABILITY = YES;
				ENABLE_USER_SCRIPT_SANDBOXING = YES;
				GCC_C_LANGUAGE_STANDARD = gnu17;
				GCC_DYNAMIC_NO_PIC = NO;
				GCC_NO_COMMON_BLOCKS = YES;
				GCC_OPTIMIZATION_LEVEL = 0;
				GCC_PREPROCESSOR_DEFINITIONS = (
					"DEBUG=1",
					"$(inherited)",
				);
				GCC_WARN_64_TO_32_BIT_CONVERSION = YES;
				GCC_WARN_ABOUT_RETURN_TYPE = YES_ERROR;
				GCC_WARN_UNDECLARED_SELECTOR = YES;
				GCC_WARN_UNINITIALIZED_AUTOS = YES_AGGRESSIVE;
				GCC_WARN_UNUSED_FUNCTION = YES;
				GCC_WARN_UNUSED_VARIABLE = YES;
				IPHONEOS_DEPLOYMENT_TARGET = 17.5;
				LOCALIZATION_PREFERS_STRING_CATALOGS = YES;
				MTL_ENABLE_DEBUG_INFO = INCLUDE_SOURCE;
				MTL_FAST_MATH = YES;
				ONLY_ACTIVE_ARCH = YES;
				SDKROOT = iphoneos;
				SWIFT_ACTIVE_COMPILATION_CONDITIONS = "DEBUG $(inherited)";
				SWIFT_OPTIMIZATION_LEVEL = "-Onone";
			};
			name = Debug;
		};
		29FDE9802C6CA57700D948C6 /* Release */ = {
			isa = XCBuildConfiguration;
			buildSettings = {
				ALWAYS_SEARCH_USER_PATHS = NO;
				ASSETCATALOG_COMPILER_GENERATE_SWIFT_ASSET_SYMBOL_EXTENSIONS = YES;
				CLANG_ANALYZER_NONNULL = YES;
				CLANG_ANALYZER_NUMBER_OBJECT_CONVERSION = YES_AGGRESSIVE;
				CLANG_CXX_LANGUAGE_STANDARD = "gnu++20";
				CLANG_ENABLE_MODULES = YES;
				CLANG_ENABLE_OBJC_ARC = YES;
				CLANG_ENABLE_OBJC_WEAK = YES;
				CLANG_WARN_BLOCK_CAPTURE_AUTORELEASING = YES;
				CLANG_WARN_BOOL_CONVERSION = YES;
				CLANG_WARN_COMMA = YES;
				CLANG_WARN_CONSTANT_CONVERSION = YES;
				CLANG_WARN_DEPRECATED_OBJC_IMPLEMENTATIONS = YES;
				CLANG_WARN_DIRECT_OBJC_ISA_USAGE = YES_ERROR;
				CLANG_WARN_DOCUMENTATION_COMMENTS = YES;
				CLANG_WARN_EMPTY_BODY = YES;
				CLANG_WARN_ENUM_CONVERSION = YES;
				CLANG_WARN_INFINITE_RECURSION = YES;
				CLANG_WARN_INT_CONVERSION = YES;
				CLANG_WARN_NON_LITERAL_NULL_CONVERSION = YES;
				CLANG_WARN_OBJC_IMPLICIT_RETAIN_SELF = YES;
				CLANG_WARN_OBJC_LITERAL_CONVERSION = YES;
				CLANG_WARN_OBJC_ROOT_CLASS = YES_ERROR;
				CLANG_WARN_QUOTED_INCLUDE_IN_FRAMEWORK_HEADER = YES;
				CLANG_WARN_RANGE_LOOP_ANALYSIS = YES;
				CLANG_WARN_STRICT_PROTOTYPES = YES;
				CLANG_WARN_SUSPICIOUS_MOVE = YES;
				CLANG_WARN_UNGUARDED_AVAILABILITY = YES_AGGRESSIVE;
				CLANG_WARN_UNREACHABLE_CODE = YES;
				CLANG_WARN__DUPLICATE_METHOD_MATCH = YES;
				COPY_PHASE_STRIP = NO;
				DEBUG_INFORMATION_FORMAT = "dwarf-with-dsym";
				ENABLE_NS_ASSERTIONS = NO;
				ENABLE_STRICT_OBJC_MSGSEND = YES;
				ENABLE_USER_SCRIPT_SANDBOXING = YES;
				GCC_C_LANGUAGE_STANDARD = gnu17;
				GCC_NO_COMMON_BLOCKS = YES;
				GCC_WARN_64_TO_32_BIT_CONVERSION = YES;
				GCC_WARN_ABOUT_RETURN_TYPE = YES_ERROR;
				GCC_WARN_UNDECLARED_SELECTOR = YES;
				GCC_WARN_UNINITIALIZED_AUTOS = YES_AGGRESSIVE;
				GCC_WARN_UNUSED_FUNCTION = YES;
				GCC_WARN_UNUSED_VARIABLE = YES;
				IPHONEOS_DEPLOYMENT_TARGET = 17.5;
				LOCALIZATION_PREFERS_STRING_CATALOGS = YES;
				MTL_ENABLE_DEBUG_INFO = NO;
				MTL_FAST_MATH = YES;
				SDKROOT = iphoneos;
				SWIFT_COMPILATION_MODE = wholemodule;
				VALIDATE_PRODUCT = YES;
			};
			name = Release;
		};
		29FDE9822C6CA57700D948C6 /* Debug */ = {
			isa = XCBuildConfiguration;
			buildSettings = {
				ASSETCATALOG_COMPILER_APPICON_NAME = AppIcon;
				ASSETCATALOG_COMPILER_GLOBAL_ACCENT_COLOR_NAME = AccentColor;
				CODE_SIGN_STYLE = Automatic;
				CURRENT_PROJECT_VERSION = 1;
				GENERATE_INFOPLIST_FILE = YES;
				INFOPLIST_FILE = "Intern IOS Weak 3/Info.plist";
				INFOPLIST_KEY_UIApplicationSupportsIndirectInputEvents = YES;
				INFOPLIST_KEY_UILaunchStoryboardName = LaunchScreen;
				INFOPLIST_KEY_UIMainStoryboardFile = Main;
				INFOPLIST_KEY_UISupportedInterfaceOrientations = UIInterfaceOrientationPortrait;
				LD_RUNPATH_SEARCH_PATHS = (
					"$(inherited)",
					"@executable_path/Frameworks",
				);
				MARKETING_VERSION = 1.0;
				PRODUCT_BUNDLE_IDENTIFIER = "huy.dang.S3Corp.Intern-IOS-Weak-3";
				PRODUCT_NAME = "$(TARGET_NAME)";
				SUPPORTED_PLATFORMS = "iphoneos iphonesimulator";
				SUPPORTS_MACCATALYST = NO;
				SUPPORTS_MAC_DESIGNED_FOR_IPHONE_IPAD = NO;
				SUPPORTS_XR_DESIGNED_FOR_IPHONE_IPAD = NO;
				SWIFT_EMIT_LOC_STRINGS = YES;
				SWIFT_VERSION = 5.0;
				TARGETED_DEVICE_FAMILY = "1,2";
			};
			name = Debug;
		};
		29FDE9832C6CA57700D948C6 /* Release */ = {
			isa = XCBuildConfiguration;
			buildSettings = {
				ASSETCATALOG_COMPILER_APPICON_NAME = AppIcon;
				ASSETCATALOG_COMPILER_GLOBAL_ACCENT_COLOR_NAME = AccentColor;
				CODE_SIGN_STYLE = Automatic;
				CURRENT_PROJECT_VERSION = 1;
				GENERATE_INFOPLIST_FILE = YES;
				INFOPLIST_FILE = "Intern IOS Weak 3/Info.plist";
				INFOPLIST_KEY_UIApplicationSupportsIndirectInputEvents = YES;
				INFOPLIST_KEY_UILaunchStoryboardName = LaunchScreen;
				INFOPLIST_KEY_UIMainStoryboardFile = Main;
				INFOPLIST_KEY_UISupportedInterfaceOrientations = UIInterfaceOrientationPortrait;
				LD_RUNPATH_SEARCH_PATHS = (
					"$(inherited)",
					"@executable_path/Frameworks",
				);
				MARKETING_VERSION = 1.0;
				PRODUCT_BUNDLE_IDENTIFIER = "huy.dang.S3Corp.Intern-IOS-Weak-3";
				PRODUCT_NAME = "$(TARGET_NAME)";
				SUPPORTED_PLATFORMS = "iphoneos iphonesimulator";
				SUPPORTS_MACCATALYST = NO;
				SUPPORTS_MAC_DESIGNED_FOR_IPHONE_IPAD = NO;
				SUPPORTS_XR_DESIGNED_FOR_IPHONE_IPAD = NO;
				SWIFT_EMIT_LOC_STRINGS = YES;
				SWIFT_VERSION = 5.0;
				TARGETED_DEVICE_FAMILY = "1,2";
			};
			name = Release;
		};
/* End XCBuildConfiguration section */

/* Begin XCConfigurationList section */
		29FDE9682C6CA57500D948C6 /* Build configuration list for PBXProject "Dang Vu Gia Huy" */ = {
			isa = XCConfigurationList;
			buildConfigurations = (
				29FDE97F2C6CA57700D948C6 /* Debug */,
				29FDE9802C6CA57700D948C6 /* Release */,
			);
			defaultConfigurationIsVisible = 0;
			defaultConfigurationName = Release;
		};
		29FDE9812C6CA57700D948C6 /* Build configuration list for PBXNativeTarget "Dang Vu Gia Huy" */ = {
			isa = XCConfigurationList;
			buildConfigurations = (
				29FDE9822C6CA57700D948C6 /* Debug */,
				29FDE9832C6CA57700D948C6 /* Release */,
			);
			defaultConfigurationIsVisible = 0;
			defaultConfigurationName = Release;
		};
/* End XCConfigurationList section */
	};
	rootObject = 29FDE9652C6CA57500D948C6 /* Project object */;
}
