// !$*UTF8*$!
{
	archiveVersion = 1;
	classes = {
	};
	objectVersion = 56;
	objects = {

/* Begin PBXBuildFile section */
		293F999C2C6B0CD3008FB52D /* AppDelegate.swift in Sources */ = {isa = PBXBuildFile; fileRef = 293F999B2C6B0CD3008FB52D /* AppDelegate.swift */; };
		293F999E2C6B0CD3008FB52D /* SceneDelegate.swift in Sources */ = {isa = PBXBuildFile; fileRef = 293F999D2C6B0CD3008FB52D /* SceneDelegate.swift */; };
		293F99A52C6B0CD4008FB52D /* Assets.xcassets in Resources */ = {isa = PBXBuildFile; fileRef = 293F99A42C6B0CD4008FB52D /* Assets.xcassets */; };
		293F99A82C6B0CD4008FB52D /* Base in Resources */ = {isa = PBXBuildFile; fileRef = 293F99A72C6B0CD4008FB52D /* Base */; };
		293F99B22C6B0DC1008FB52D /* HomeViewController.swift in Sources */ = {isa = PBXBuildFile; fileRef = 293F99B02C6B0DC1008FB52D /* HomeViewController.swift */; };
		293F99B32C6B0DC1008FB52D /* HomeViewController.xib in Resources */ = {isa = PBXBuildFile; fileRef = 293F99B12C6B0DC1008FB52D /* HomeViewController.xib */; };
		29BDCCC12C6B65390035EF9E /* Extension.swift in Sources */ = {isa = PBXBuildFile; fileRef = 29BDCCC02C6B65390035EF9E /* Extension.swift */; };
/* End PBXBuildFile section */

/* Begin PBXFileReference section */
		293F99982C6B0CD3008FB52D /* without-storyboard.app */ = {isa = PBXFileReference; explicitFileType = wrapper.application; includeInIndex = 0; path = "without-storyboard.app"; sourceTree = BUILT_PRODUCTS_DIR; };
		293F999B2C6B0CD3008FB52D /* AppDelegate.swift */ = {isa = PBXFileReference; lastKnownFileType = sourcecode.swift; path = AppDelegate.swift; sourceTree = "<group>"; };
		293F999D2C6B0CD3008FB52D /* SceneDelegate.swift */ = {isa = PBXFileReference; lastKnownFileType = sourcecode.swift; path = SceneDelegate.swift; sourceTree = "<group>"; };
		293F99A42C6B0CD4008FB52D /* Assets.xcassets */ = {isa = PBXFileReference; lastKnownFileType = folder.assetcatalog; path = Assets.xcassets; sourceTree = "<group>"; };
		293F99A72C6B0CD4008FB52D /* Base */ = {isa = PBXFileReference; lastKnownFileType = file.storyboard; name = Base; path = Base.lproj/LaunchScreen.storyboard; sourceTree = "<group>"; };
		293F99A92C6B0CD4008FB52D /* Info.plist */ = {isa = PBXFileReference; lastKnownFileType = text.plist.xml; path = Info.plist; sourceTree = "<group>"; };
		293F99B02C6B0DC1008FB52D /* HomeViewController.swift */ = {isa = PBXFileReference; lastKnownFileType = sourcecode.swift; path = HomeViewController.swift; sourceTree = "<group>"; };
		293F99B12C6B0DC1008FB52D /* HomeViewController.xib */ = {isa = PBXFileReference; lastKnownFileType = file.xib; path = HomeViewController.xib; sourceTree = "<group>"; };
		29BDCCC02C6B65390035EF9E /* Extension.swift */ = {isa = PBXFileReference; lastKnownFileType = sourcecode.swift; path = Extension.swift; sourceTree = "<group>"; };
/* End PBXFileReference section */

/* Begin PBXFrameworksBuildPhase section */
		293F99952C6B0CD3008FB52D /* Frameworks */ = {
			isa = PBXFrameworksBuildPhase;
			buildActionMask = 2147483647;
			files = (
			);
			runOnlyForDeploymentPostprocessing = 0;
		};
/* End PBXFrameworksBuildPhase section */

/* Begin PBXGroup section */
		293F998F2C6B0CD3008FB52D = {
			isa = PBXGroup;
			children = (
				293F999A2C6B0CD3008FB52D /* without-storyboard */,
				293F99992C6B0CD3008FB52D /* Products */,
			);
			sourceTree = "<group>";
		};
		293F99992C6B0CD3008FB52D /* Products */ = {
			isa = PBXGroup;
			children = (
				293F99982C6B0CD3008FB52D /* without-storyboard.app */,
			);
			name = Products;
			sourceTree = "<group>";
		};
		293F999A2C6B0CD3008FB52D /* without-storyboard */ = {
			isa = PBXGroup;
			children = (
				293F999B2C6B0CD3008FB52D /* AppDelegate.swift */,
				293F999D2C6B0CD3008FB52D /* SceneDelegate.swift */,
				29BDCCC32C6B65F20035EF9E /* Models */,
				293F99AF2C6B0D16008FB52D /* Views */,
				29BDCCC22C6B65C20035EF9E /* ViewModels */,
				29BDCCBF2C6B64EE0035EF9E /* Ultilities */,
				293F99A42C6B0CD4008FB52D /* Assets.xcassets */,
				293F99A62C6B0CD4008FB52D /* LaunchScreen.storyboard */,
				293F99A92C6B0CD4008FB52D /* Info.plist */,
			);
			path = "without-storyboard";
			sourceTree = "<group>";
		};
		293F99AF2C6B0D16008FB52D /* Views */ = {
			isa = PBXGroup;
			children = (
				293F99B02C6B0DC1008FB52D /* HomeViewController.swift */,
				293F99B12C6B0DC1008FB52D /* HomeViewController.xib */,
			);
			path = Views;
			sourceTree = "<group>";
		};
		29BDCCBF2C6B64EE0035EF9E /* Ultilities */ = {
			isa = PBXGroup;
			children = (
				29BDCCC02C6B65390035EF9E /* Extension.swift */,
			);
			path = Ultilities;
			sourceTree = "<group>";
		};
		29BDCCC22C6B65C20035EF9E /* ViewModels */ = {
			isa = PBXGroup;
			children = (
			);
			path = ViewModels;
			sourceTree = "<group>";
		};
		29BDCCC32C6B65F20035EF9E /* Models */ = {
			isa = PBXGroup;
			children = (
			);
			path = Models;
			sourceTree = "<group>";
		};
/* End PBXGroup section */

/* Begin PBXNativeTarget section */
		293F99972C6B0CD3008FB52D /* without-storyboard */ = {
			isa = PBXNativeTarget;
			buildConfigurationList = 293F99AC2C6B0CD4008FB52D /* Build configuration list for PBXNativeTarget "without-storyboard" */;
			buildPhases = (
				293F99942C6B0CD3008FB52D /* Sources */,
				293F99952C6B0CD3008FB52D /* Frameworks */,
				293F99962C6B0CD3008FB52D /* Resources */,
			);
			buildRules = (
			);
			dependencies = (
			);
			name = "without-storyboard";
			productName = "without-storyboard";
			productReference = 293F99982C6B0CD3008FB52D /* without-storyboard.app */;
			productType = "com.apple.product-type.application";
		};
/* End PBXNativeTarget section */

/* Begin PBXProject section */
		293F99902C6B0CD3008FB52D /* Project object */ = {
			isa = PBXProject;
			attributes = {
				BuildIndependentTargetsInParallel = 1;
				LastSwiftUpdateCheck = 1540;
				LastUpgradeCheck = 1540;
				TargetAttributes = {
					293F99972C6B0CD3008FB52D = {
						CreatedOnToolsVersion = 15.4;
					};
				};
			};
			buildConfigurationList = 293F99932C6B0CD3008FB52D /* Build configuration list for PBXProject "without-storyboard" */;
			compatibilityVersion = "Xcode 14.0";
			developmentRegion = en;
			hasScannedForEncodings = 0;
			knownRegions = (
				en,
				Base,
			);
			mainGroup = 293F998F2C6B0CD3008FB52D;
			productRefGroup = 293F99992C6B0CD3008FB52D /* Products */;
			projectDirPath = "";
			projectRoot = "";
			targets = (
				293F99972C6B0CD3008FB52D /* without-storyboard */,
			);
		};
/* End PBXProject section */

/* Begin PBXResourcesBuildPhase section */
		293F99962C6B0CD3008FB52D /* Resources */ = {
			isa = PBXResourcesBuildPhase;
			buildActionMask = 2147483647;
			files = (
				293F99A52C6B0CD4008FB52D /* Assets.xcassets in Resources */,
				293F99A82C6B0CD4008FB52D /* Base in Resources */,
				293F99B32C6B0DC1008FB52D /* HomeViewController.xib in Resources */,
			);
			runOnlyForDeploymentPostprocessing = 0;
		};
/* End PBXResourcesBuildPhase section */

/* Begin PBXSourcesBuildPhase section */
		293F99942C6B0CD3008FB52D /* Sources */ = {
			isa = PBXSourcesBuildPhase;
			buildActionMask = 2147483647;
			files = (
				293F999C2C6B0CD3008FB52D /* AppDelegate.swift in Sources */,
				293F999E2C6B0CD3008FB52D /* SceneDelegate.swift in Sources */,
				293F99B22C6B0DC1008FB52D /* HomeViewController.swift in Sources */,
				29BDCCC12C6B65390035EF9E /* Extension.swift in Sources */,
			);
			runOnlyForDeploymentPostprocessing = 0;
		};
/* End PBXSourcesBuildPhase section */

/* Begin PBXVariantGroup section */
		293F99A62C6B0CD4008FB52D /* LaunchScreen.storyboard */ = {
			isa = PBXVariantGroup;
			children = (
				293F99A72C6B0CD4008FB52D /* Base */,
			);
			name = LaunchScreen.storyboard;
			sourceTree = "<group>";
		};
/* End PBXVariantGroup section */

/* Begin XCBuildConfiguration section */
		293F99AA2C6B0CD4008FB52D /* Debug */ = {
			isa = XCBuildConfiguration;
			buildSettings = {
				ALWAYS_SEARCH_USER_PATHS = NO;
				ASSETCATALOG_COMPILER_GENERATE_SWIFT_ASSET_SYMBOL_EXTENSIONS = YES;
				CLANG_ANALYZER_NONNULL = YES;
				CLANG_ANALYZER_NUMBER_OBJECT_CONVERSION = YES_AGGRESSIVE;
				CLANG_CXX_LANGUAGE_STANDARD = "gnu++20";
				CLANG_ENABLE_MODULES = YES;
				CLANG_ENABLE_OBJC_ARC = YES;
				CLANG_ENABLE_OBJC_WEAK = YES;
				CLANG_WARN_BLOCK_CAPTURE_AUTORELEASING = YES;
				CLANG_WARN_BOOL_CONVERSION = YES;
				CLANG_WARN_COMMA = YES;
				CLANG_WARN_CONSTANT_CONVERSION = YES;
				CLANG_WARN_DEPRECATED_OBJC_IMPLEMENTATIONS = YES;
				CLANG_WARN_DIRECT_OBJC_ISA_USAGE = YES_ERROR;
				CLANG_WARN_DOCUMENTATION_COMMENTS = YES;
				CLANG_WARN_EMPTY_BODY = YES;
				CLANG_WARN_ENUM_CONVERSION = YES;
				CLANG_WARN_INFINITE_RECURSION = YES;
				CLANG_WARN_INT_CONVERSION = YES;
				CLANG_WARN_NON_LITERAL_NULL_CONVERSION = YES;
				CLANG_WARN_OBJC_IMPLICIT_RETAIN_SELF = YES;
				CLANG_WARN_OBJC_LITERAL_CONVERSION = YES;
				CLANG_WARN_OBJC_ROOT_CLASS = YES_ERROR;
				CLANG_WARN_QUOTED_INCLUDE_IN_FRAMEWORK_HEADER = YES;
				CLANG_WARN_RANGE_LOOP_ANALYSIS = YES;
				CLANG_WARN_STRICT_PROTOTYPES = YES;
				CLANG_WARN_SUSPICIOUS_MOVE = YES;
				CLANG_WARN_UNGUARDED_AVAILABILITY = YES_AGGRESSIVE;
				CLANG_WARN_UNREACHABLE_CODE = YES;
				CLANG_WARN__DUPLICATE_METHOD_MATCH = YES;
				COPY_PHASE_STRIP = NO;
				DEBUG_INFORMATION_FORMAT = dwarf;
				ENABLE_STRICT_OBJC_MSGSEND = YES;
				ENABLE_TESTABILITY = YES;
				ENABLE_USER_SCRIPT_SANDBOXING = YES;
				GCC_C_LANGUAGE_STANDARD = gnu17;
				GCC_DYNAMIC_NO_PIC = NO;
				GCC_NO_COMMON_BLOCKS = YES;
				GCC_OPTIMIZATION_LEVEL = 0;
				GCC_PREPROCESSOR_DEFINITIONS = (
					"DEBUG=1",
					"$(inherited)",
				);
				GCC_WARN_64_TO_32_BIT_CONVERSION = YES;
				GCC_WARN_ABOUT_RETURN_TYPE = YES_ERROR;
				GCC_WARN_UNDECLARED_SELECTOR = YES;
				GCC_WARN_UNINITIALIZED_AUTOS = YES_AGGRESSIVE;
				GCC_WARN_UNUSED_FUNCTION = YES;
				GCC_WARN_UNUSED_VARIABLE = YES;
				IPHONEOS_DEPLOYMENT_TARGET = 17.5;
				LOCALIZATION_PREFERS_STRING_CATALOGS = YES;
				MTL_ENABLE_DEBUG_INFO = INCLUDE_SOURCE;
				MTL_FAST_MATH = YES;
				ONLY_ACTIVE_ARCH = YES;
				SDKROOT = iphoneos;
				SWIFT_ACTIVE_COMPILATION_CONDITIONS = "DEBUG $(inherited)";
				SWIFT_OPTIMIZATION_LEVEL = "-Onone";
			};
			name = Debug;
		};
		293F99AB2C6B0CD4008FB52D /* Release */ = {
			isa = XCBuildConfiguration;
			buildSettings = {
				ALWAYS_SEARCH_USER_PATHS = NO;
				ASSETCATALOG_COMPILER_GENERATE_SWIFT_ASSET_SYMBOL_EXTENSIONS = YES;
				CLANG_ANALYZER_NONNULL = YES;
				CLANG_ANALYZER_NUMBER_OBJECT_CONVERSION = YES_AGGRESSIVE;
				CLANG_CXX_LANGUAGE_STANDARD = "gnu++20";
				CLANG_ENABLE_MODULES = YES;
				CLANG_ENABLE_OBJC_ARC = YES;
				CLANG_ENABLE_OBJC_WEAK = YES;
				CLANG_WARN_BLOCK_CAPTURE_AUTORELEASING = YES;
				CLANG_WARN_BOOL_CONVERSION = YES;
				CLANG_WARN_COMMA = YES;
				CLANG_WARN_CONSTANT_CONVERSION = YES;
				CLANG_WARN_DEPRECATED_OBJC_IMPLEMENTATIONS = YES;
				CLANG_WARN_DIRECT_OBJC_ISA_USAGE = YES_ERROR;
				CLANG_WARN_DOCUMENTATION_COMMENTS = YES;
				CLANG_WARN_EMPTY_BODY = YES;
				CLANG_WARN_ENUM_CONVERSION = YES;
				CLANG_WARN_INFINITE_RECURSION = YES;
				CLANG_WARN_INT_CONVERSION = YES;
				CLANG_WARN_NON_LITERAL_NULL_CONVERSION = YES;
				CLANG_WARN_OBJC_IMPLICIT_RETAIN_SELF = YES;
				CLANG_WARN_OBJC_LITERAL_CONVERSION = YES;
				CLANG_WARN_OBJC_ROOT_CLASS = YES_ERROR;
				CLANG_WARN_QUOTED_INCLUDE_IN_FRAMEWORK_HEADER = YES;
				CLANG_WARN_RANGE_LOOP_ANALYSIS = YES;
				CLANG_WARN_STRICT_PROTOTYPES = YES;
				CLANG_WARN_SUSPICIOUS_MOVE = YES;
				CLANG_WARN_UNGUARDED_AVAILABILITY = YES_AGGRESSIVE;
				CLANG_WARN_UNREACHABLE_CODE = YES;
				CLANG_WARN__DUPLICATE_METHOD_MATCH = YES;
				COPY_PHASE_STRIP = NO;
				DEBUG_INFORMATION_FORMAT = "dwarf-with-dsym";
				ENABLE_NS_ASSERTIONS = NO;
				ENABLE_STRICT_OBJC_MSGSEND = YES;
				ENABLE_USER_SCRIPT_SANDBOXING = YES;
				GCC_C_LANGUAGE_STANDARD = gnu17;
				GCC_NO_COMMON_BLOCKS = YES;
				GCC_WARN_64_TO_32_BIT_CONVERSION = YES;
				GCC_WARN_ABOUT_RETURN_TYPE = YES_ERROR;
				GCC_WARN_UNDECLARED_SELECTOR = YES;
				GCC_WARN_UNINITIALIZED_AUTOS = YES_AGGRESSIVE;
				GCC_WARN_UNUSED_FUNCTION = YES;
				GCC_WARN_UNUSED_VARIABLE = YES;
				IPHONEOS_DEPLOYMENT_TARGET = 17.5;
				LOCALIZATION_PREFERS_STRING_CATALOGS = YES;
				MTL_ENABLE_DEBUG_INFO = NO;
				MTL_FAST_MATH = YES;
				SDKROOT = iphoneos;
				SWIFT_COMPILATION_MODE = wholemodule;
				VALIDATE_PRODUCT = YES;
			};
			name = Release;
		};
		293F99AD2C6B0CD4008FB52D /* Debug */ = {
			isa = XCBuildConfiguration;
			buildSettings = {
				ASSETCATALOG_COMPILER_APPICON_NAME = AppIcon;
				ASSETCATALOG_COMPILER_GLOBAL_ACCENT_COLOR_NAME = AccentColor;
				CODE_SIGN_STYLE = Automatic;
				CURRENT_PROJECT_VERSION = 1;
				GENERATE_INFOPLIST_FILE = YES;
				INFOPLIST_FILE = "without-storyboard/Info.plist";
				INFOPLIST_KEY_UIApplicationSupportsIndirectInputEvents = YES;
				INFOPLIST_KEY_UILaunchStoryboardName = LaunchScreen;
				INFOPLIST_KEY_UISupportedInterfaceOrientations = UIInterfaceOrientationPortrait;
				IPHONEOS_DEPLOYMENT_TARGET = 15.0;
				LD_RUNPATH_SEARCH_PATHS = (
					"$(inherited)",
					"@executable_path/Frameworks",
				);
				MARKETING_VERSION = 1.0;
				PRODUCT_BUNDLE_IDENTIFIER = "huy.dang.S3Corp.without-storyboard";
				PRODUCT_NAME = "$(TARGET_NAME)";
				SUPPORTED_PLATFORMS = "iphoneos iphonesimulator";
				SUPPORTS_MACCATALYST = NO;
				SUPPORTS_MAC_DESIGNED_FOR_IPHONE_IPAD = NO;
				SUPPORTS_XR_DESIGNED_FOR_IPHONE_IPAD = NO;
				SWIFT_EMIT_LOC_STRINGS = YES;
				SWIFT_VERSION = 5.0;
				TARGETED_DEVICE_FAMILY = "1,2";
			};
			name = Debug;
		};
		293F99AE2C6B0CD4008FB52D /* Release */ = {
			isa = XCBuildConfiguration;
			buildSettings = {
				ASSETCATALOG_COMPILER_APPICON_NAME = AppIcon;
				ASSETCATALOG_COMPILER_GLOBAL_ACCENT_COLOR_NAME = AccentColor;
				CODE_SIGN_STYLE = Automatic;
				CURRENT_PROJECT_VERSION = 1;
				GENERATE_INFOPLIST_FILE = YES;
				INFOPLIST_FILE = "without-storyboard/Info.plist";
				INFOPLIST_KEY_UIApplicationSupportsIndirectInputEvents = YES;
				INFOPLIST_KEY_UILaunchStoryboardName = LaunchScreen;
				INFOPLIST_KEY_UISupportedInterfaceOrientations = UIInterfaceOrientationPortrait;
				IPHONEOS_DEPLOYMENT_TARGET = 15.0;
				LD_RUNPATH_SEARCH_PATHS = (
					"$(inherited)",
					"@executable_path/Frameworks",
				);
				MARKETING_VERSION = 1.0;
				PRODUCT_BUNDLE_IDENTIFIER = "huy.dang.S3Corp.without-storyboard";
				PRODUCT_NAME = "$(TARGET_NAME)";
				SUPPORTED_PLATFORMS = "iphoneos iphonesimulator";
				SUPPORTS_MACCATALYST = NO;
				SUPPORTS_MAC_DESIGNED_FOR_IPHONE_IPAD = NO;
				SUPPORTS_XR_DESIGNED_FOR_IPHONE_IPAD = NO;
				SWIFT_EMIT_LOC_STRINGS = YES;
				SWIFT_VERSION = 5.0;
				TARGETED_DEVICE_FAMILY = "1,2";
			};
			name = Release;
		};
/* End XCBuildConfiguration section */

/* Begin XCConfigurationList section */
		293F99932C6B0CD3008FB52D /* Build configuration list for PBXProject "without-storyboard" */ = {
			isa = XCConfigurationList;
			buildConfigurations = (
				293F99AA2C6B0CD4008FB52D /* Debug */,
				293F99AB2C6B0CD4008FB52D /* Release */,
			);
			defaultConfigurationIsVisible = 0;
			defaultConfigurationName = Release;
		};
		293F99AC2C6B0CD4008FB52D /* Build configuration list for PBXNativeTarget "without-storyboard" */ = {
			isa = XCConfigurationList;
			buildConfigurations = (
				293F99AD2C6B0CD4008FB52D /* Debug */,
				293F99AE2C6B0CD4008FB52D /* Release */,
			);
			defaultConfigurationIsVisible = 0;
			defaultConfigurationName = Release;
		};
/* End XCConfigurationList section */
	};
	rootObject = 293F99902C6B0CD3008FB52D /* Project object */;
}
